// !$*UTF8*$!
{
	archiveVersion = 1;
	classes = {
	};
	objectVersion = 46;
	objects = {

/* Begin PBXBuildFile section */
		FA15D01C13C8F85D00E2CEB6 /* CornerDropper.m in Sources */ = {isa = PBXBuildFile; fileRef = FA15D01B13C8F85D00E2CEB6 /* CornerDropper.m */; };
		FA15D01F13C8F91000E2CEB6 /* SortGameViewController.m in Sources */ = {isa = PBXBuildFile; fileRef = FA15D01E13C8F91000E2CEB6 /* SortGameViewController.m */; };
		FA15D02313C91D3900E2CEB6 /* MenuBackground.m in Sources */ = {isa = PBXBuildFile; fileRef = FA15D02213C91D3900E2CEB6 /* MenuBackground.m */; };
		FA69346113C78E3C002AEF34 /* UIKit.framework in Frameworks */ = {isa = PBXBuildFile; fileRef = FA69346013C78E3C002AEF34 /* UIKit.framework */; };
		FA69346313C78E3C002AEF34 /* Foundation.framework in Frameworks */ = {isa = PBXBuildFile; fileRef = FA69346213C78E3C002AEF34 /* Foundation.framework */; };
		FA69346513C78E3C002AEF34 /* CoreGraphics.framework in Frameworks */ = {isa = PBXBuildFile; fileRef = FA69346413C78E3C002AEF34 /* CoreGraphics.framework */; };
		FA69346B13C78E3C002AEF34 /* InfoPlist.strings in Resources */ = {isa = PBXBuildFile; fileRef = FA69346913C78E3C002AEF34 /* InfoPlist.strings */; };
		FA69346E13C78E3C002AEF34 /* main.m in Sources */ = {isa = PBXBuildFile; fileRef = FA69346D13C78E3C002AEF34 /* main.m */; };
		FA69347113C78E3C002AEF34 /* BoxScreensaverAppDelegate.m in Sources */ = {isa = PBXBuildFile; fileRef = FA69347013C78E3C002AEF34 /* BoxScreensaverAppDelegate.m */; };
		FA69347413C78E3C002AEF34 /* MainWindow.xib in Resources */ = {isa = PBXBuildFile; fileRef = FA69347213C78E3C002AEF34 /* MainWindow.xib */; };
		FA69347713C78E3C002AEF34 /* BoxScreensaverViewController.m in Sources */ = {isa = PBXBuildFile; fileRef = FA69347613C78E3C002AEF34 /* BoxScreensaverViewController.m */; };
		FA69347A13C78E3C002AEF34 /* BoxScreensaverViewController.xib in Resources */ = {isa = PBXBuildFile; fileRef = FA69347813C78E3C002AEF34 /* BoxScreensaverViewController.xib */; };
		FA69348213C78EAB002AEF34 /* Box.m in Sources */ = {isa = PBXBuildFile; fileRef = FA69348113C78EAB002AEF34 /* Box.m */; };
		FA69348513C78EEE002AEF34 /* BoxRunway.m in Sources */ = {isa = PBXBuildFile; fileRef = FA69348413C78EEE002AEF34 /* BoxRunway.m */; };
		FA69349C13C8A04C002AEF34 /* FruitBox.m in Sources */ = {isa = PBXBuildFile; fileRef = FA69349B13C8A04C002AEF34 /* FruitBox.m */; };
		FA69349F13C8A13D002AEF34 /* VegetableBox.m in Sources */ = {isa = PBXBuildFile; fileRef = FA69349E13C8A13D002AEF34 /* VegetableBox.m */; };
		FA6934A213C8A348002AEF34 /* apple_large.png in Resources */ = {isa = PBXBuildFile; fileRef = FA6934A113C8A348002AEF34 /* apple_large.png */; };
		FA6934A413C8A45E002AEF34 /* broccoli_large.png in Resources */ = {isa = PBXBuildFile; fileRef = FA6934A313C8A45E002AEF34 /* broccoli_large.png */; };
		FA6934A713C8A77E002AEF34 /* QuartzCore.framework in Frameworks */ = {isa = PBXBuildFile; fileRef = FA6934A613C8A77E002AEF34 /* QuartzCore.framework */; };
		FA6934B113C8C353002AEF34 /* EasingAnimation.m in Sources */ = {isa = PBXBuildFile; fileRef = FA6934B013C8C353002AEF34 /* EasingAnimation.m */; };
		FA6934B413C8C3F6002AEF34 /* EaseOutAnimation.m in Sources */ = {isa = PBXBuildFile; fileRef = FA6934B313C8C3F6002AEF34 /* EaseOutAnimation.m */; };
		FA6934B713C8C735002AEF34 /* ViewPositionAnimation.m in Sources */ = {isa = PBXBuildFile; fileRef = FA6934B613C8C735002AEF34 /* ViewPositionAnimation.m */; };
		FA7A9EBC13C9F8030007C021 /* EaseOutSmoothAnimation.m in Sources */ = {isa = PBXBuildFile; fileRef = FA7A9EBB13C9F8030007C021 /* EaseOutSmoothAnimation.m */; };
		FA7A9EC713CA05930007C021 /* AppleBroccoli.plist in Resources */ = {isa = PBXBuildFile; fileRef = FA7A9EC613CA05930007C021 /* AppleBroccoli.plist */; };
		FA7A9ECB13CA06990007C021 /* GameLevel.m in Sources */ = {isa = PBXBuildFile; fileRef = FA7A9ECA13CA06990007C021 /* GameLevel.m */; };
		FA7A9ECE13CA1C120007C021 /* drag_left.png in Resources */ = {isa = PBXBuildFile; fileRef = FA7A9ECC13CA1C120007C021 /* drag_left.png */; };
		FA7A9ECF13CA1C120007C021 /* drag_right.png in Resources */ = {isa = PBXBuildFile; fileRef = FA7A9ECD13CA1C120007C021 /* drag_right.png */; };
		FA7A9ED213CA371F0007C021 /* GenericImageBox.m in Sources */ = {isa = PBXBuildFile; fileRef = FA7A9ED113CA371F0007C021 /* GenericImageBox.m */; };
		FA7A9ED513CA379F0007C021 /* GenericLeftBox.m in Sources */ = {isa = PBXBuildFile; fileRef = FA7A9ED413CA379F0007C021 /* GenericLeftBox.m */; };
		FA7A9ED813CA37BC0007C021 /* GenericRightBox.m in Sources */ = {isa = PBXBuildFile; fileRef = FA7A9ED713CA37BC0007C021 /* GenericRightBox.m */; };
		FA7A9EE013CA46B30007C021 /* button_regular.png in Resources */ = {isa = PBXBuildFile; fileRef = FA7A9EDE13CA46B30007C021 /* button_regular.png */; };
		FA7A9EE213CA71210007C021 /* button_press.png in Resources */ = {isa = PBXBuildFile; fileRef = FA7A9EE113CA71210007C021 /* button_press.png */; };
		FA7A9EE613CA77150007C021 /* trash.png in Resources */ = {isa = PBXBuildFile; fileRef = FA7A9EE413CA77150007C021 /* trash.png */; };
		FA7A9EE713CA77150007C021 /* recycling.png in Resources */ = {isa = PBXBuildFile; fileRef = FA7A9EE513CA77150007C021 /* recycling.png */; };
		FA7A9EEB13CA773E0007C021 /* Levels.plist in Resources */ = {isa = PBXBuildFile; fileRef = FA7A9EEA13CA773E0007C021 /* Levels.plist */; };
		FA7A9EED13CA79D50007C021 /* TrashRecycling.plist in Resources */ = {isa = PBXBuildFile; fileRef = FA7A9EEC13CA79D50007C021 /* TrashRecycling.plist */; };
		FA7A9EF013CA7D420007C021 /* AdventureViewController.m in Sources */ = {isa = PBXBuildFile; fileRef = FA7A9EEF13CA7D410007C021 /* AdventureViewController.m */; };
		FA7A9EF413CA82300007C021 /* CountdownView.m in Sources */ = {isa = PBXBuildFile; fileRef = FA7A9EF313CA82300007C021 /* CountdownView.m */; };
		FA7A9EF713CA86D40007C021 /* AfterActionReportViewController.m in Sources */ = {isa = PBXBuildFile; fileRef = FA7A9EF613CA86D40007C021 /* AfterActionReportViewController.m */; };
		FA7A9EF913CA93000007C021 /* belt.png in Resources */ = {isa = PBXBuildFile; fileRef = FA7A9EF813CA92FF0007C021 /* belt.png */; };
/* End PBXBuildFile section */

/* Begin PBXFileReference section */
		FA15D01A13C8F85D00E2CEB6 /* CornerDropper.h */ = {isa = PBXFileReference; fileEncoding = 4; lastKnownFileType = sourcecode.c.h; path = CornerDropper.h; sourceTree = "<group>"; };
		FA15D01B13C8F85D00E2CEB6 /* CornerDropper.m */ = {isa = PBXFileReference; fileEncoding = 4; lastKnownFileType = sourcecode.c.objc; path = CornerDropper.m; sourceTree = "<group>"; };
		FA15D01D13C8F91000E2CEB6 /* SortGameViewController.h */ = {isa = PBXFileReference; fileEncoding = 4; lastKnownFileType = sourcecode.c.h; path = SortGameViewController.h; sourceTree = "<group>"; };
		FA15D01E13C8F91000E2CEB6 /* SortGameViewController.m */ = {isa = PBXFileReference; fileEncoding = 4; lastKnownFileType = sourcecode.c.objc; path = SortGameViewController.m; sourceTree = "<group>"; };
		FA15D02013C8FE9A00E2CEB6 /* GameScore.h */ = {isa = PBXFileReference; fileEncoding = 4; lastKnownFileType = sourcecode.c.h; path = GameScore.h; sourceTree = "<group>"; };
		FA15D02113C91D3900E2CEB6 /* MenuBackground.h */ = {isa = PBXFileReference; fileEncoding = 4; lastKnownFileType = sourcecode.c.h; path = MenuBackground.h; sourceTree = "<group>"; };
		FA15D02213C91D3900E2CEB6 /* MenuBackground.m */ = {isa = PBXFileReference; fileEncoding = 4; lastKnownFileType = sourcecode.c.objc; path = MenuBackground.m; sourceTree = "<group>"; };
		FA69345C13C78E3C002AEF34 /* BoxScreensaver.app */ = {isa = PBXFileReference; explicitFileType = wrapper.application; includeInIndex = 0; path = BoxScreensaver.app; sourceTree = BUILT_PRODUCTS_DIR; };
		FA69346013C78E3C002AEF34 /* UIKit.framework */ = {isa = PBXFileReference; lastKnownFileType = wrapper.framework; name = UIKit.framework; path = System/Library/Frameworks/UIKit.framework; sourceTree = SDKROOT; };
		FA69346213C78E3C002AEF34 /* Foundation.framework */ = {isa = PBXFileReference; lastKnownFileType = wrapper.framework; name = Foundation.framework; path = System/Library/Frameworks/Foundation.framework; sourceTree = SDKROOT; };
		FA69346413C78E3C002AEF34 /* CoreGraphics.framework */ = {isa = PBXFileReference; lastKnownFileType = wrapper.framework; name = CoreGraphics.framework; path = System/Library/Frameworks/CoreGraphics.framework; sourceTree = SDKROOT; };
		FA69346813C78E3C002AEF34 /* BoxScreensaver-Info.plist */ = {isa = PBXFileReference; lastKnownFileType = text.plist.xml; path = "BoxScreensaver-Info.plist"; sourceTree = "<group>"; };
		FA69346A13C78E3C002AEF34 /* en */ = {isa = PBXFileReference; lastKnownFileType = text.plist.strings; name = en; path = en.lproj/InfoPlist.strings; sourceTree = "<group>"; };
		FA69346C13C78E3C002AEF34 /* BoxScreensaver-Prefix.pch */ = {isa = PBXFileReference; lastKnownFileType = sourcecode.c.h; path = "BoxScreensaver-Prefix.pch"; sourceTree = "<group>"; };
		FA69346D13C78E3C002AEF34 /* main.m */ = {isa = PBXFileReference; lastKnownFileType = sourcecode.c.objc; path = main.m; sourceTree = "<group>"; };
		FA69346F13C78E3C002AEF34 /* BoxScreensaverAppDelegate.h */ = {isa = PBXFileReference; lastKnownFileType = sourcecode.c.h; path = BoxScreensaverAppDelegate.h; sourceTree = "<group>"; };
		FA69347013C78E3C002AEF34 /* BoxScreensaverAppDelegate.m */ = {isa = PBXFileReference; lastKnownFileType = sourcecode.c.objc; path = BoxScreensaverAppDelegate.m; sourceTree = "<group>"; };
		FA69347313C78E3C002AEF34 /* en */ = {isa = PBXFileReference; lastKnownFileType = file.xib; name = en; path = en.lproj/MainWindow.xib; sourceTree = "<group>"; };
		FA69347513C78E3C002AEF34 /* BoxScreensaverViewController.h */ = {isa = PBXFileReference; lastKnownFileType = sourcecode.c.h; path = BoxScreensaverViewController.h; sourceTree = "<group>"; };
		FA69347613C78E3C002AEF34 /* BoxScreensaverViewController.m */ = {isa = PBXFileReference; lastKnownFileType = sourcecode.c.objc; path = BoxScreensaverViewController.m; sourceTree = "<group>"; };
		FA69347913C78E3C002AEF34 /* en */ = {isa = PBXFileReference; lastKnownFileType = file.xib; name = en; path = en.lproj/BoxScreensaverViewController.xib; sourceTree = "<group>"; };
		FA69348013C78EAB002AEF34 /* Box.h */ = {isa = PBXFileReference; fileEncoding = 4; lastKnownFileType = sourcecode.c.h; path = Box.h; sourceTree = "<group>"; };
		FA69348113C78EAB002AEF34 /* Box.m */ = {isa = PBXFileReference; fileEncoding = 4; lastKnownFileType = sourcecode.c.objc; path = Box.m; sourceTree = "<group>"; };
		FA69348313C78EEE002AEF34 /* BoxRunway.h */ = {isa = PBXFileReference; fileEncoding = 4; lastKnownFileType = sourcecode.c.h; path = BoxRunway.h; sourceTree = "<group>"; };
		FA69348413C78EEE002AEF34 /* BoxRunway.m */ = {isa = PBXFileReference; fileEncoding = 4; lastKnownFileType = sourcecode.c.objc; path = BoxRunway.m; sourceTree = "<group>"; };
		FA69349A13C8A04C002AEF34 /* FruitBox.h */ = {isa = PBXFileReference; fileEncoding = 4; lastKnownFileType = sourcecode.c.h; path = FruitBox.h; sourceTree = "<group>"; };
		FA69349B13C8A04C002AEF34 /* FruitBox.m */ = {isa = PBXFileReference; fileEncoding = 4; lastKnownFileType = sourcecode.c.objc; path = FruitBox.m; sourceTree = "<group>"; };
		FA69349D13C8A13D002AEF34 /* VegetableBox.h */ = {isa = PBXFileReference; fileEncoding = 4; lastKnownFileType = sourcecode.c.h; path = VegetableBox.h; sourceTree = "<group>"; };
		FA69349E13C8A13D002AEF34 /* VegetableBox.m */ = {isa = PBXFileReference; fileEncoding = 4; lastKnownFileType = sourcecode.c.objc; path = VegetableBox.m; sourceTree = "<group>"; };
		FA6934A113C8A348002AEF34 /* apple_large.png */ = {isa = PBXFileReference; lastKnownFileType = image.png; path = apple_large.png; sourceTree = "<group>"; };
		FA6934A313C8A45E002AEF34 /* broccoli_large.png */ = {isa = PBXFileReference; lastKnownFileType = image.png; path = broccoli_large.png; sourceTree = "<group>"; };
		FA6934A513C8A6B2002AEF34 /* BoxDragstate.h */ = {isa = PBXFileReference; fileEncoding = 4; lastKnownFileType = sourcecode.c.h; path = BoxDragstate.h; sourceTree = "<group>"; };
		FA6934A613C8A77E002AEF34 /* QuartzCore.framework */ = {isa = PBXFileReference; lastKnownFileType = wrapper.framework; name = QuartzCore.framework; path = System/Library/Frameworks/QuartzCore.framework; sourceTree = SDKROOT; };
		FA6934AF13C8C353002AEF34 /* EasingAnimation.h */ = {isa = PBXFileReference; fileEncoding = 4; lastKnownFileType = sourcecode.c.h; path = EasingAnimation.h; sourceTree = "<group>"; };
		FA6934B013C8C353002AEF34 /* EasingAnimation.m */ = {isa = PBXFileReference; fileEncoding = 4; lastKnownFileType = sourcecode.c.objc; path = EasingAnimation.m; sourceTree = "<group>"; };
		FA6934B213C8C3F6002AEF34 /* EaseOutAnimation.h */ = {isa = PBXFileReference; fileEncoding = 4; lastKnownFileType = sourcecode.c.h; path = EaseOutAnimation.h; sourceTree = "<group>"; };
		FA6934B313C8C3F6002AEF34 /* EaseOutAnimation.m */ = {isa = PBXFileReference; fileEncoding = 4; lastKnownFileType = sourcecode.c.objc; path = EaseOutAnimation.m; sourceTree = "<group>"; };
		FA6934B513C8C734002AEF34 /* ViewPositionAnimation.h */ = {isa = PBXFileReference; fileEncoding = 4; lastKnownFileType = sourcecode.c.h; path = ViewPositionAnimation.h; sourceTree = "<group>"; };
		FA6934B613C8C735002AEF34 /* ViewPositionAnimation.m */ = {isa = PBXFileReference; fileEncoding = 4; lastKnownFileType = sourcecode.c.objc; path = ViewPositionAnimation.m; sourceTree = "<group>"; };
		FA7A9EBA13C9F8030007C021 /* EaseOutSmoothAnimation.h */ = {isa = PBXFileReference; fileEncoding = 4; lastKnownFileType = sourcecode.c.h; path = EaseOutSmoothAnimation.h; sourceTree = "<group>"; };
		FA7A9EBB13C9F8030007C021 /* EaseOutSmoothAnimation.m */ = {isa = PBXFileReference; fileEncoding = 4; lastKnownFileType = sourcecode.c.objc; path = EaseOutSmoothAnimation.m; sourceTree = "<group>"; };
		FA7A9EC613CA05930007C021 /* AppleBroccoli.plist */ = {isa = PBXFileReference; fileEncoding = 4; lastKnownFileType = text.plist.xml; path = AppleBroccoli.plist; sourceTree = "<group>"; };
		FA7A9EC913CA06990007C021 /* GameLevel.h */ = {isa = PBXFileReference; fileEncoding = 4; lastKnownFileType = sourcecode.c.h; path = GameLevel.h; sourceTree = "<group>"; };
		FA7A9ECA13CA06990007C021 /* GameLevel.m */ = {isa = PBXFileReference; fileEncoding = 4; lastKnownFileType = sourcecode.c.objc; path = GameLevel.m; sourceTree = "<group>"; };
		FA7A9ECC13CA1C120007C021 /* drag_left.png */ = {isa = PBXFileReference; lastKnownFileType = image.png; path = drag_left.png; sourceTree = "<group>"; };
		FA7A9ECD13CA1C120007C021 /* drag_right.png */ = {isa = PBXFileReference; lastKnownFileType = image.png; path = drag_right.png; sourceTree = "<group>"; };
		FA7A9ED013CA371F0007C021 /* GenericImageBox.h */ = {isa = PBXFileReference; fileEncoding = 4; lastKnownFileType = sourcecode.c.h; path = GenericImageBox.h; sourceTree = "<group>"; };
		FA7A9ED113CA371F0007C021 /* GenericImageBox.m */ = {isa = PBXFileReference; fileEncoding = 4; lastKnownFileType = sourcecode.c.objc; path = GenericImageBox.m; sourceTree = "<group>"; };
		FA7A9ED313CA379F0007C021 /* GenericLeftBox.h */ = {isa = PBXFileReference; fileEncoding = 4; lastKnownFileType = sourcecode.c.h; path = GenericLeftBox.h; sourceTree = "<group>"; };
		FA7A9ED413CA379F0007C021 /* GenericLeftBox.m */ = {isa = PBXFileReference; fileEncoding = 4; lastKnownFileType = sourcecode.c.objc; path = GenericLeftBox.m; sourceTree = "<group>"; };
		FA7A9ED613CA37BC0007C021 /* GenericRightBox.h */ = {isa = PBXFileReference; fileEncoding = 4; lastKnownFileType = sourcecode.c.h; path = GenericRightBox.h; sourceTree = "<group>"; };
		FA7A9ED713CA37BC0007C021 /* GenericRightBox.m */ = {isa = PBXFileReference; fileEncoding = 4; lastKnownFileType = sourcecode.c.objc; path = GenericRightBox.m; sourceTree = "<group>"; };
		FA7A9EDE13CA46B30007C021 /* button_regular.png */ = {isa = PBXFileReference; lastKnownFileType = image.png; path = button_regular.png; sourceTree = "<group>"; };
		FA7A9EE113CA71210007C021 /* button_press.png */ = {isa = PBXFileReference; lastKnownFileType = image.png; path = button_press.png; sourceTree = "<group>"; };
		FA7A9EE413CA77150007C021 /* trash.png */ = {isa = PBXFileReference; lastKnownFileType = image.png; path = trash.png; sourceTree = "<group>"; };
		FA7A9EE513CA77150007C021 /* recycling.png */ = {isa = PBXFileReference; lastKnownFileType = image.png; path = recycling.png; sourceTree = "<group>"; };
		FA7A9EEA13CA773E0007C021 /* Levels.plist */ = {isa = PBXFileReference; fileEncoding = 4; lastKnownFileType = text.plist.xml; path = Levels.plist; sourceTree = "<group>"; };
		FA7A9EEC13CA79D50007C021 /* TrashRecycling.plist */ = {isa = PBXFileReference; fileEncoding = 4; lastKnownFileType = text.plist.xml; path = TrashRecycling.plist; sourceTree = "<group>"; };
		FA7A9EEE13CA7D400007C021 /* AdventureViewController.h */ = {isa = PBXFileReference; fileEncoding = 4; lastKnownFileType = sourcecode.c.h; path = AdventureViewController.h; sourceTree = "<group>"; };
		FA7A9EEF13CA7D410007C021 /* AdventureViewController.m */ = {isa = PBXFileReference; fileEncoding = 4; lastKnownFileType = sourcecode.c.objc; path = AdventureViewController.m; sourceTree = "<group>"; };
		FA7A9EF213CA82300007C021 /* CountdownView.h */ = {isa = PBXFileReference; fileEncoding = 4; lastKnownFileType = sourcecode.c.h; path = CountdownView.h; sourceTree = "<group>"; };
		FA7A9EF313CA82300007C021 /* CountdownView.m */ = {isa = PBXFileReference; fileEncoding = 4; lastKnownFileType = sourcecode.c.objc; path = CountdownView.m; sourceTree = "<group>"; };
		FA7A9EF513CA86D40007C021 /* AfterActionReportViewController.h */ = {isa = PBXFileReference; fileEncoding = 4; lastKnownFileType = sourcecode.c.h; path = AfterActionReportViewController.h; sourceTree = "<group>"; };
		FA7A9EF613CA86D40007C021 /* AfterActionReportViewController.m */ = {isa = PBXFileReference; fileEncoding = 4; lastKnownFileType = sourcecode.c.objc; path = AfterActionReportViewController.m; sourceTree = "<group>"; };
		FA7A9EF813CA92FF0007C021 /* belt.png */ = {isa = PBXFileReference; lastKnownFileType = image.png; path = belt.png; sourceTree = "<group>"; };
/* End PBXFileReference section */

/* Begin PBXFrameworksBuildPhase section */
		FA69345913C78E3C002AEF34 /* Frameworks */ = {
			isa = PBXFrameworksBuildPhase;
			buildActionMask = 2147483647;
			files = (
				FA6934A713C8A77E002AEF34 /* QuartzCore.framework in Frameworks */,
				FA69346113C78E3C002AEF34 /* UIKit.framework in Frameworks */,
				FA69346313C78E3C002AEF34 /* Foundation.framework in Frameworks */,
				FA69346513C78E3C002AEF34 /* CoreGraphics.framework in Frameworks */,
			);
			runOnlyForDeploymentPostprocessing = 0;
		};
/* End PBXFrameworksBuildPhase section */

/* Begin PBXGroup section */
		FA15D01413C8F31B00E2CEB6 /* Sort Box */ = {
			isa = PBXGroup;
			children = (
				FA15D01A13C8F85D00E2CEB6 /* CornerDropper.h */,
				FA15D01B13C8F85D00E2CEB6 /* CornerDropper.m */,
			);
			name = "Sort Box";
			sourceTree = "<group>";
		};
		FA15D01513C8F83700E2CEB6 /* Corners */ = {
			isa = PBXGroup;
			children = (
				FA7A9ECC13CA1C120007C021 /* drag_left.png */,
				FA7A9ECD13CA1C120007C021 /* drag_right.png */,
			);
			name = Corners;
			sourceTree = "<group>";
		};
		FA15D06613C924FC00E2CEB6 /* Buttons */ = {
			isa = PBXGroup;
			children = (
				FA7A9EE113CA71210007C021 /* button_press.png */,
				FA7A9EDE13CA46B30007C021 /* button_regular.png */,
			);
			name = Buttons;
			sourceTree = "<group>";
		};
		FA69345113C78E3C002AEF34 = {
			isa = PBXGroup;
			children = (
				FA69346613C78E3C002AEF34 /* BoxScreensaver */,
				FA69345F13C78E3C002AEF34 /* Frameworks */,
				FA69345D13C78E3C002AEF34 /* Products */,
			);
			sourceTree = "<group>";
		};
		FA69345D13C78E3C002AEF34 /* Products */ = {
			isa = PBXGroup;
			children = (
				FA69345C13C78E3C002AEF34 /* BoxScreensaver.app */,
			);
			name = Products;
			sourceTree = "<group>";
		};
		FA69345F13C78E3C002AEF34 /* Frameworks */ = {
			isa = PBXGroup;
			children = (
				FA6934A613C8A77E002AEF34 /* QuartzCore.framework */,
				FA69346013C78E3C002AEF34 /* UIKit.framework */,
				FA69346213C78E3C002AEF34 /* Foundation.framework */,
				FA69346413C78E3C002AEF34 /* CoreGraphics.framework */,
			);
			name = Frameworks;
			sourceTree = "<group>";
		};
		FA69346613C78E3C002AEF34 /* BoxScreensaver */ = {
			isa = PBXGroup;
			children = (
				FA7A9EF113CA821B0007C021 /* Game Views */,
				FA7A9EC813CA06830007C021 /* Levels */,
				FA15D01413C8F31B00E2CEB6 /* Sort Box */,
				FA69349913C8A03B002AEF34 /* Food */,
				FA69348613C793DB002AEF34 /* Runway */,
				FA69346F13C78E3C002AEF34 /* BoxScreensaverAppDelegate.h */,
				FA69347013C78E3C002AEF34 /* BoxScreensaverAppDelegate.m */,
				FA69347513C78E3C002AEF34 /* BoxScreensaverViewController.h */,
				FA69347613C78E3C002AEF34 /* BoxScreensaverViewController.m */,
				FA15D02013C8FE9A00E2CEB6 /* GameScore.h */,
				FA15D02113C91D3900E2CEB6 /* MenuBackground.h */,
				FA15D02213C91D3900E2CEB6 /* MenuBackground.m */,
				FA69346713C78E3C002AEF34 /* Supporting Files */,
			);
			path = BoxScreensaver;
			sourceTree = "<group>";
		};
		FA69346713C78E3C002AEF34 /* Supporting Files */ = {
			isa = PBXGroup;
			children = (
				FA7A9EC513CA05770007C021 /* Levels */,
				FA6934A013C8A33E002AEF34 /* Images */,
				FA69347213C78E3C002AEF34 /* MainWindow.xib */,
				FA69347813C78E3C002AEF34 /* BoxScreensaverViewController.xib */,
				FA69346813C78E3C002AEF34 /* BoxScreensaver-Info.plist */,
				FA69346913C78E3C002AEF34 /* InfoPlist.strings */,
				FA69346C13C78E3C002AEF34 /* BoxScreensaver-Prefix.pch */,
				FA69346D13C78E3C002AEF34 /* main.m */,
			);
			name = "Supporting Files";
			sourceTree = "<group>";
		};
		FA69348613C793DB002AEF34 /* Runway */ = {
			isa = PBXGroup;
			children = (
				FA6934AE13C8C342002AEF34 /* Animations */,
				FA69348013C78EAB002AEF34 /* Box.h */,
				FA69348113C78EAB002AEF34 /* Box.m */,
				FA69348313C78EEE002AEF34 /* BoxRunway.h */,
				FA69348413C78EEE002AEF34 /* BoxRunway.m */,
				FA6934A513C8A6B2002AEF34 /* BoxDragstate.h */,
			);
			name = Runway;
			sourceTree = "<group>";
		};
		FA69349913C8A03B002AEF34 /* Food */ = {
			isa = PBXGroup;
			children = (
				FA69349A13C8A04C002AEF34 /* FruitBox.h */,
				FA69349B13C8A04C002AEF34 /* FruitBox.m */,
				FA69349D13C8A13D002AEF34 /* VegetableBox.h */,
				FA69349E13C8A13D002AEF34 /* VegetableBox.m */,
			);
			name = Food;
			sourceTree = "<group>";
		};
		FA6934A013C8A33E002AEF34 /* Images */ = {
			isa = PBXGroup;
			children = (
				FA7A9EF813CA92FF0007C021 /* belt.png */,
				FA7A9EE313CA770A0007C021 /* Stages */,
				FA15D06613C924FC00E2CEB6 /* Buttons */,
				FA15D01513C8F83700E2CEB6 /* Corners */,
			);
			name = Images;
			sourceTree = "<group>";
		};
		FA6934AE13C8C342002AEF34 /* Animations */ = {
			isa = PBXGroup;
			children = (
				FA6934AF13C8C353002AEF34 /* EasingAnimation.h */,
				FA6934B013C8C353002AEF34 /* EasingAnimation.m */,
				FA6934B213C8C3F6002AEF34 /* EaseOutAnimation.h */,
				FA6934B313C8C3F6002AEF34 /* EaseOutAnimation.m */,
				FA7A9EBA13C9F8030007C021 /* EaseOutSmoothAnimation.h */,
				FA7A9EBB13C9F8030007C021 /* EaseOutSmoothAnimation.m */,
				FA6934B513C8C734002AEF34 /* ViewPositionAnimation.h */,
				FA6934B613C8C735002AEF34 /* ViewPositionAnimation.m */,
			);
			name = Animations;
			sourceTree = "<group>";
		};
		FA7A9EC513CA05770007C021 /* Levels */ = {
			isa = PBXGroup;
			children = (
				FA7A9EC613CA05930007C021 /* AppleBroccoli.plist */,
				FA7A9EEC13CA79D50007C021 /* TrashRecycling.plist */,
				FA7A9EEA13CA773E0007C021 /* Levels.plist */,
			);
			name = Levels;
			sourceTree = "<group>";
		};
		FA7A9EC813CA06830007C021 /* Levels */ = {
			isa = PBXGroup;
			children = (
				FA7A9EC913CA06990007C021 /* GameLevel.h */,
				FA7A9ECA13CA06990007C021 /* GameLevel.m */,
				FA7A9ED013CA371F0007C021 /* GenericImageBox.h */,
				FA7A9ED113CA371F0007C021 /* GenericImageBox.m */,
				FA7A9ED313CA379F0007C021 /* GenericLeftBox.h */,
				FA7A9ED413CA379F0007C021 /* GenericLeftBox.m */,
				FA7A9ED613CA37BC0007C021 /* GenericRightBox.h */,
				FA7A9ED713CA37BC0007C021 /* GenericRightBox.m */,
			);
			name = Levels;
			sourceTree = "<group>";
		};
		FA7A9EE313CA770A0007C021 /* Stages */ = {
			isa = PBXGroup;
			children = (
				FA7A9EE913CA77260007C021 /* Trash vs Recycling */,
				FA7A9EE813CA77180007C021 /* Apples vs Broccoli */,
			);
			name = Stages;
			sourceTree = "<group>";
		};
		FA7A9EE813CA77180007C021 /* Apples vs Broccoli */ = {
			isa = PBXGroup;
			children = (
				FA6934A313C8A45E002AEF34 /* broccoli_large.png */,
				FA6934A113C8A348002AEF34 /* apple_large.png */,
			);
			name = "Apples vs Broccoli";
			sourceTree = "<group>";
		};
		FA7A9EE913CA77260007C021 /* Trash vs Recycling */ = {
			isa = PBXGroup;
			children = (
				FA7A9EE413CA77150007C021 /* trash.png */,
				FA7A9EE513CA77150007C021 /* recycling.png */,
			);
			name = "Trash vs Recycling";
			sourceTree = "<group>";
		};
		FA7A9EF113CA821B0007C021 /* Game Views */ = {
			isa = PBXGroup;
			children = (
				FA15D01D13C8F91000E2CEB6 /* SortGameViewController.h */,
				FA15D01E13C8F91000E2CEB6 /* SortGameViewController.m */,
				FA7A9EEE13CA7D400007C021 /* AdventureViewController.h */,
				FA7A9EEF13CA7D410007C021 /* AdventureViewController.m */,
				FA7A9EF513CA86D40007C021 /* AfterActionReportViewController.h */,
				FA7A9EF613CA86D40007C021 /* AfterActionReportViewController.m */,
				FA7A9EF213CA82300007C021 /* CountdownView.h */,
				FA7A9EF313CA82300007C021 /* CountdownView.m */,
			);
			name = "Game Views";
			sourceTree = "<group>";
		};
/* End PBXGroup section */

/* Begin PBXNativeTarget section */
		FA69345B13C78E3C002AEF34 /* BoxScreensaver */ = {
			isa = PBXNativeTarget;
			buildConfigurationList = FA69347D13C78E3C002AEF34 /* Build configuration list for PBXNativeTarget "BoxScreensaver" */;
			buildPhases = (
				FA69345813C78E3C002AEF34 /* Sources */,
				FA69345913C78E3C002AEF34 /* Frameworks */,
				FA69345A13C78E3C002AEF34 /* Resources */,
			);
			buildRules = (
			);
			dependencies = (
			);
			name = BoxScreensaver;
			productName = BoxScreensaver;
			productReference = FA69345C13C78E3C002AEF34 /* BoxScreensaver.app */;
			productType = "com.apple.product-type.application";
		};
/* End PBXNativeTarget section */

/* Begin PBXProject section */
		FA69345313C78E3C002AEF34 /* Project object */ = {
			isa = PBXProject;
			buildConfigurationList = FA69345613C78E3C002AEF34 /* Build configuration list for PBXProject "BoxScreensaver" */;
			compatibilityVersion = "Xcode 3.2";
			developmentRegion = English;
			hasScannedForEncodings = 0;
			knownRegions = (
				en,
			);
			mainGroup = FA69345113C78E3C002AEF34;
			productRefGroup = FA69345D13C78E3C002AEF34 /* Products */;
			projectDirPath = "";
			projectRoot = "";
			targets = (
				FA69345B13C78E3C002AEF34 /* BoxScreensaver */,
			);
		};
/* End PBXProject section */

/* Begin PBXResourcesBuildPhase section */
		FA69345A13C78E3C002AEF34 /* Resources */ = {
			isa = PBXResourcesBuildPhase;
			buildActionMask = 2147483647;
			files = (
				FA69346B13C78E3C002AEF34 /* InfoPlist.strings in Resources */,
				FA69347413C78E3C002AEF34 /* MainWindow.xib in Resources */,
				FA69347A13C78E3C002AEF34 /* BoxScreensaverViewController.xib in Resources */,
				FA6934A213C8A348002AEF34 /* apple_large.png in Resources */,
				FA6934A413C8A45E002AEF34 /* broccoli_large.png in Resources */,
				FA7A9EC713CA05930007C021 /* AppleBroccoli.plist in Resources */,
				FA7A9ECE13CA1C120007C021 /* drag_left.png in Resources */,
				FA7A9ECF13CA1C120007C021 /* drag_right.png in Resources */,
				FA7A9EE013CA46B30007C021 /* button_regular.png in Resources */,
				FA7A9EE213CA71210007C021 /* button_press.png in Resources */,
				FA7A9EE613CA77150007C021 /* trash.png in Resources */,
				FA7A9EE713CA77150007C021 /* recycling.png in Resources */,
				FA7A9EEB13CA773E0007C021 /* Levels.plist in Resources */,
				FA7A9EED13CA79D50007C021 /* TrashRecycling.plist in Resources */,
				FA7A9EF913CA93000007C021 /* belt.png in Resources */,
			);
			runOnlyForDeploymentPostprocessing = 0;
		};
/* End PBXResourcesBuildPhase section */

/* Begin PBXSourcesBuildPhase section */
		FA69345813C78E3C002AEF34 /* Sources */ = {
			isa = PBXSourcesBuildPhase;
			buildActionMask = 2147483647;
			files = (
				FA69346E13C78E3C002AEF34 /* main.m in Sources */,
				FA69347113C78E3C002AEF34 /* BoxScreensaverAppDelegate.m in Sources */,
				FA69347713C78E3C002AEF34 /* BoxScreensaverViewController.m in Sources */,
				FA69348213C78EAB002AEF34 /* Box.m in Sources */,
				FA69348513C78EEE002AEF34 /* BoxRunway.m in Sources */,
				FA69349C13C8A04C002AEF34 /* FruitBox.m in Sources */,
				FA69349F13C8A13D002AEF34 /* VegetableBox.m in Sources */,
				FA6934B113C8C353002AEF34 /* EasingAnimation.m in Sources */,
				FA6934B413C8C3F6002AEF34 /* EaseOutAnimation.m in Sources */,
				FA6934B713C8C735002AEF34 /* ViewPositionAnimation.m in Sources */,
				FA15D01C13C8F85D00E2CEB6 /* CornerDropper.m in Sources */,
				FA15D01F13C8F91000E2CEB6 /* SortGameViewController.m in Sources */,
				FA15D02313C91D3900E2CEB6 /* MenuBackground.m in Sources */,
				FA7A9EBC13C9F8030007C021 /* EaseOutSmoothAnimation.m in Sources */,
				FA7A9ECB13CA06990007C021 /* GameLevel.m in Sources */,
				FA7A9ED213CA371F0007C021 /* GenericImageBox.m in Sources */,
				FA7A9ED513CA379F0007C021 /* GenericLeftBox.m in Sources */,
				FA7A9ED813CA37BC0007C021 /* GenericRightBox.m in Sources */,
				FA7A9EF013CA7D420007C021 /* AdventureViewController.m in Sources */,
				FA7A9EF413CA82300007C021 /* CountdownView.m in Sources */,
				FA7A9EF713CA86D40007C021 /* AfterActionReportViewController.m in Sources */,
			);
			runOnlyForDeploymentPostprocessing = 0;
		};
/* End PBXSourcesBuildPhase section */

/* Begin PBXVariantGroup section */
		FA69346913C78E3C002AEF34 /* InfoPlist.strings */ = {
			isa = PBXVariantGroup;
			children = (
				FA69346A13C78E3C002AEF34 /* en */,
			);
			name = InfoPlist.strings;
			sourceTree = "<group>";
		};
		FA69347213C78E3C002AEF34 /* MainWindow.xib */ = {
			isa = PBXVariantGroup;
			children = (
				FA69347313C78E3C002AEF34 /* en */,
			);
			name = MainWindow.xib;
			sourceTree = "<group>";
		};
		FA69347813C78E3C002AEF34 /* BoxScreensaverViewController.xib */ = {
			isa = PBXVariantGroup;
			children = (
				FA69347913C78E3C002AEF34 /* en */,
			);
			name = BoxScreensaverViewController.xib;
			sourceTree = "<group>";
		};
/* End PBXVariantGroup section */

/* Begin XCBuildConfiguration section */
		FA69347B13C78E3C002AEF34 /* Debug */ = {
			isa = XCBuildConfiguration;
			buildSettings = {
				ARCHS = "$(ARCHS_STANDARD_32_BIT)";
				"CODE_SIGN_IDENTITY[sdk=iphoneos*]" = "iPhone Developer";
				GCC_C_LANGUAGE_STANDARD = gnu99;
				GCC_OPTIMIZATION_LEVEL = 0;
				GCC_PREPROCESSOR_DEFINITIONS = DEBUG;
				GCC_SYMBOLS_PRIVATE_EXTERN = NO;
				GCC_VERSION = com.apple.compilers.llvmgcc42;
				GCC_WARN_ABOUT_RETURN_TYPE = YES;
				GCC_WARN_UNUSED_VARIABLE = YES;
				IPHONEOS_DEPLOYMENT_TARGET = 4.3;
				SDKROOT = iphoneos;
			};
			name = Debug;
		};
		FA69347C13C78E3C002AEF34 /* Release */ = {
			isa = XCBuildConfiguration;
			buildSettings = {
				ARCHS = "$(ARCHS_STANDARD_32_BIT)";
				"CODE_SIGN_IDENTITY[sdk=iphoneos*]" = "iPhone Developer";
				GCC_C_LANGUAGE_STANDARD = gnu99;
				GCC_VERSION = com.apple.compilers.llvmgcc42;
				GCC_WARN_ABOUT_RETURN_TYPE = YES;
				GCC_WARN_UNUSED_VARIABLE = YES;
				IPHONEOS_DEPLOYMENT_TARGET = 4.3;
				OTHER_CFLAGS = "-DNS_BLOCK_ASSERTIONS=1";
				SDKROOT = iphoneos;
			};
			name = Release;
		};
		FA69347E13C78E3C002AEF34 /* Debug */ = {
			isa = XCBuildConfiguration;
			buildSettings = {
				ALWAYS_SEARCH_USER_PATHS = NO;
				COPY_PHASE_STRIP = NO;
				GCC_DYNAMIC_NO_PIC = NO;
				GCC_PRECOMPILE_PREFIX_HEADER = YES;
				GCC_PREFIX_HEADER = "BoxScreensaver/BoxScreensaver-Prefix.pch";
				INFOPLIST_FILE = "BoxScreensaver/BoxScreensaver-Info.plist";
				PRODUCT_NAME = "$(TARGET_NAME)";
				WRAPPER_EXTENSION = app;
			};
			name = Debug;
		};
		FA69347F13C78E3C002AEF34 /* Release */ = {
			isa = XCBuildConfiguration;
			buildSettings = {
				ALWAYS_SEARCH_USER_PATHS = NO;
				COPY_PHASE_STRIP = YES;
				GCC_PRECOMPILE_PREFIX_HEADER = YES;
				GCC_PREFIX_HEADER = "BoxScreensaver/BoxScreensaver-Prefix.pch";
				INFOPLIST_FILE = "BoxScreensaver/BoxScreensaver-Info.plist";
				PRODUCT_NAME = "$(TARGET_NAME)";
				VALIDATE_PRODUCT = YES;
				WRAPPER_EXTENSION = app;
			};
			name = Release;
		};
/* End XCBuildConfiguration section */

/* Begin XCConfigurationList section */
		FA69345613C78E3C002AEF34 /* Build configuration list for PBXProject "BoxScreensaver" */ = {
			isa = XCConfigurationList;
			buildConfigurations = (
				FA69347B13C78E3C002AEF34 /* Debug */,
				FA69347C13C78E3C002AEF34 /* Release */,
			);
			defaultConfigurationIsVisible = 0;
			defaultConfigurationName = Release;
		};
		FA69347D13C78E3C002AEF34 /* Build configuration list for PBXNativeTarget "BoxScreensaver" */ = {
			isa = XCConfigurationList;
			buildConfigurations = (
				FA69347E13C78E3C002AEF34 /* Debug */,
				FA69347F13C78E3C002AEF34 /* Release */,
			);
			defaultConfigurationIsVisible = 0;
			defaultConfigurationName = Release;
		};
/* End XCConfigurationList section */
	};
	rootObject = FA69345313C78E3C002AEF34 /* Project object */;
}
